
Microsoft Visual Studio Solution File, Format Version 12.00
# Visual Studio Version 17
VisualStudioVersion = 17.0.31903.59
MinimumVisualStudioVersion = 10.0.40219.1
Project("{FAE04EC0-301F-11D3-BF4B-00C04F79EFBC}") = "EventHubsSample", "EventHubsSample.csproj", "{715FFF2B-6E90-4BA0-AF10-617DE1A0E4FF}"
EndProject
Global
	GlobalSection(SolutionConfigurationPlatforms) = preSolution
		Debug|Any CPU = Debug|Any CPU
		Release|Any CPU = Release|Any CPU
	EndGlobalSection
	GlobalSection(ProjectConfigurationPlatforms) = postSolution
		{715FFF2B-6E90-4BA0-AF10-617DE1A0E4FF}.Debug|Any CPU.ActiveCfg = Debug|Any CPU
		{715FFF2B-6E90-4BA0-AF10-617DE1A0E4FF}.Debug|Any CPU.Build.0 = Debug|Any CPU
		{715FFF2B-6E90-4BA0-AF10-617DE1A0E4FF}.Release|Any CPU.ActiveCfg = Release|Any CPU
		{715FFF2B-6E90-4BA0-AF10-617DE1A0E4FF}.Release|Any CPU.Build.0 = Release|Any CPU
	EndGlobalSection
	GlobalSection(SolutionProperties) = preSolution
		HideSolutionNode = FALSE
	EndGlobalSection
	GlobalSection(ExtensibilityGlobals) = postSolution
		SolutionGuid = {9699CC62-C1DE-462B-A8E2-5AC4226A4C36}
	EndGlobalSection
EndGlobal
