
Microsoft Visual Studio Solution File, Format Version 12.00
# Visual Studio Version 16
VisualStudioVersion = 16.0.29403.142
MinimumVisualStudioVersion = 10.0.40219.1
Project("{FAE04EC0-301F-11D3-BF4B-00C04F79EFBC}") = "CosmosDbApp", "CosmosDbApp\CosmosDbApp.csproj", "{3FBD6910-3A7E-415F-8B4E-2B5EE59CEB68}"
EndProject
Global
	GlobalSection(SolutionConfigurationPlatforms) = preSolution
		Debug|Any CPU = Debug|Any CPU
		Release|Any CPU = Release|Any CPU
	EndGlobalSection
	GlobalSection(ProjectConfigurationPlatforms) = postSolution
		{3FBD6910-3A7E-415F-8B4E-2B5EE59CEB68}.Debug|Any CPU.ActiveCfg = Debug|Any CPU
		{3FBD6910-3A7E-415F-8B4E-2B5EE59CEB68}.Debug|Any CPU.Build.0 = Debug|Any CPU
		{3FBD6910-3A7E-415F-8B4E-2B5EE59CEB68}.Release|Any CPU.ActiveCfg = Release|Any CPU
		{3FBD6910-3A7E-415F-8B4E-2B5EE59CEB68}.Release|Any CPU.Build.0 = Release|Any CPU
	EndGlobalSection
	GlobalSection(SolutionProperties) = preSolution
		HideSolutionNode = FALSE
	EndGlobalSection
	GlobalSection(ExtensibilityGlobals) = postSolution
		SolutionGuid = {23ABBBB8-E576-41B2-AC1B-61F5E966253F}
	EndGlobalSection
EndGlobal
