
Microsoft Visual Studio Solution File, Format Version 12.00
# Visual Studio Version 16
VisualStudioVersion = 16.0.31205.134
MinimumVisualStudioVersion = 10.0.40219.1
Project("{FAE04EC0-301F-11D3-BF4B-00C04F79EFBC}") = "GraphDemoConsoleApp", "GraphDemoConsoleApp\GraphDemoConsoleApp.csproj", "{20A8D61A-AFA6-4472-B173-B650CF9F8F97}"
EndProject
Global
	GlobalSection(SolutionConfigurationPlatforms) = preSolution
		Debug|Any CPU = Debug|Any CPU
		Release|Any CPU = Release|Any CPU
	EndGlobalSection
	GlobalSection(ProjectConfigurationPlatforms) = postSolution
		{20A8D61A-AFA6-4472-B173-B650CF9F8F97}.Debug|Any CPU.ActiveCfg = Debug|Any CPU
		{20A8D61A-AFA6-4472-B173-B650CF9F8F97}.Debug|Any CPU.Build.0 = Debug|Any CPU
		{20A8D61A-AFA6-4472-B173-B650CF9F8F97}.Release|Any CPU.ActiveCfg = Release|Any CPU
		{20A8D61A-AFA6-4472-B173-B650CF9F8F97}.Release|Any CPU.Build.0 = Release|Any CPU
	EndGlobalSection
	GlobalSection(SolutionProperties) = preSolution
		HideSolutionNode = FALSE
	EndGlobalSection
	GlobalSection(ExtensibilityGlobals) = postSolution
		SolutionGuid = {4465E8BB-31D2-4A50-A970-27165BD2C760}
	EndGlobalSection
EndGlobal
